
Microsoft Visual Studio Solution File, Format Version 12.00
# Visual Studio 15
VisualStudioVersion = 15.0.28307.168
MinimumVisualStudioVersion = 10.0.40219.1
Project("{FAE04EC0-301F-11D3-BF4B-00C04F79EFBC}") = "pruebas.Android", "pruebas\pruebas.Android\pruebas.Android.csproj", "{D1DAF8B6-590F-452F-A302-09D21C139586}"
EndProject
Project("{FAE04EC0-301F-11D3-BF4B-00C04F79EFBC}") = "pruebas.iOS", "pruebas\pruebas.iOS\pruebas.iOS.csproj", "{08DC16A4-A472-45CD-AA15-AD4DFB8B6CFC}"
EndProject
Project("{FAE04EC0-301F-11D3-BF4B-00C04F79EFBC}") = "pruebas.UWP", "pruebas\pruebas.UWP\pruebas.UWP.csproj", "{E2DAE720-6003-4A27-8725-EC92A55DD9C7}"
EndProject
Project("{9A19103F-16F7-4668-BE54-9A1E7A4F7556}") = "pruebas", "pruebas\pruebas\pruebas.csproj", "{DF19F509-9D59-42EC-8AC9-8A49C133AD12}"
EndProject
Project("{FAE04EC0-301F-11D3-BF4B-00C04F79EFBC}") = "pruebas.Backend", "pruebas.Backend\pruebas.Backend.csproj", "{DAA0A4F5-2401-4D62-80DC-1781282C8A91}"
EndProject
Project("{FAE04EC0-301F-11D3-BF4B-00C04F79EFBC}") = "pruebas.API", "pruebas.API\pruebas.API.csproj", "{160C4846-454C-4EB9-8ACF-E9D7ED7F3DC9}"
EndProject
Project("{FAE04EC0-301F-11D3-BF4B-00C04F79EFBC}") = "pruebas.Domain", "pruebas.Domain\pruebas.Domain.csproj", "{4B5824BC-852D-49FD-B6BA-B3C83340DE09}"
EndProject
Project("{FAE04EC0-301F-11D3-BF4B-00C04F79EFBC}") = "pruebas.Common", "pruebas.Common\pruebas.Common.csproj", "{3F0E566E-AB3D-443C-977F-FFD2F3DA740C}"
EndProject
Global
	GlobalSection(SolutionConfigurationPlatforms) = preSolution
		Ad-Hoc|Any CPU = Ad-Hoc|Any CPU
		Ad-Hoc|ARM = Ad-Hoc|ARM
		Ad-Hoc|iPhone = Ad-Hoc|iPhone
		Ad-Hoc|iPhoneSimulator = Ad-Hoc|iPhoneSimulator
		Ad-Hoc|x64 = Ad-Hoc|x64
		Ad-Hoc|x86 = Ad-Hoc|x86
		AppStore|Any CPU = AppStore|Any CPU
		AppStore|ARM = AppStore|ARM
		AppStore|iPhone = AppStore|iPhone
		AppStore|iPhoneSimulator = AppStore|iPhoneSimulator
		AppStore|x64 = AppStore|x64
		AppStore|x86 = AppStore|x86
		Debug|Any CPU = Debug|Any CPU
		Debug|ARM = Debug|ARM
		Debug|iPhone = Debug|iPhone
		Debug|iPhoneSimulator = Debug|iPhoneSimulator
		Debug|x64 = Debug|x64
		Debug|x86 = Debug|x86
		Release|Any CPU = Release|Any CPU
		Release|ARM = Release|ARM
		Release|iPhone = Release|iPhone
		Release|iPhoneSimulator = Release|iPhoneSimulator
		Release|x64 = Release|x64
		Release|x86 = Release|x86
	EndGlobalSection
	GlobalSection(ProjectConfigurationPlatforms) = postSolution
		{D1DAF8B6-590F-452F-A302-09D21C139586}.Ad-Hoc|Any CPU.ActiveCfg = Release|Any CPU
		{D1DAF8B6-590F-452F-A302-09D21C139586}.Ad-Hoc|Any CPU.Build.0 = Release|Any CPU
		{D1DAF8B6-590F-452F-A302-09D21C139586}.Ad-Hoc|Any CPU.Deploy.0 = Release|Any CPU
		{D1DAF8B6-590F-452F-A302-09D21C139586}.Ad-Hoc|ARM.ActiveCfg = Release|Any CPU
		{D1DAF8B6-590F-452F-A302-09D21C139586}.Ad-Hoc|ARM.Build.0 = Release|Any CPU
		{D1DAF8B6-590F-452F-A302-09D21C139586}.Ad-Hoc|ARM.Deploy.0 = Release|Any CPU
		{D1DAF8B6-590F-452F-A302-09D21C139586}.Ad-Hoc|iPhone.ActiveCfg = Release|Any CPU
		{D1DAF8B6-590F-452F-A302-09D21C139586}.Ad-Hoc|iPhone.Build.0 = Release|Any CPU
		{D1DAF8B6-590F-452F-A302-09D21C139586}.Ad-Hoc|iPhone.Deploy.0 = Release|Any CPU
		{D1DAF8B6-590F-452F-A302-09D21C139586}.Ad-Hoc|iPhoneSimulator.ActiveCfg = Release|Any CPU
		{D1DAF8B6-590F-452F-A302-09D21C139586}.Ad-Hoc|iPhoneSimulator.Build.0 = Release|Any CPU
		{D1DAF8B6-590F-452F-A302-09D21C139586}.Ad-Hoc|iPhoneSimulator.Deploy.0 = Release|Any CPU
		{D1DAF8B6-590F-452F-A302-09D21C139586}.Ad-Hoc|x64.ActiveCfg = Release|Any CPU
		{D1DAF8B6-590F-452F-A302-09D21C139586}.Ad-Hoc|x64.Build.0 = Release|Any CPU
		{D1DAF8B6-590F-452F-A302-09D21C139586}.Ad-Hoc|x64.Deploy.0 = Release|Any CPU
		{D1DAF8B6-590F-452F-A302-09D21C139586}.Ad-Hoc|x86.ActiveCfg = Release|Any CPU
		{D1DAF8B6-590F-452F-A302-09D21C139586}.Ad-Hoc|x86.Build.0 = Release|Any CPU
		{D1DAF8B6-590F-452F-A302-09D21C139586}.Ad-Hoc|x86.Deploy.0 = Release|Any CPU
		{D1DAF8B6-590F-452F-A302-09D21C139586}.AppStore|Any CPU.ActiveCfg = Release|Any CPU
		{D1DAF8B6-590F-452F-A302-09D21C139586}.AppStore|Any CPU.Build.0 = Release|Any CPU
		{D1DAF8B6-590F-452F-A302-09D21C139586}.AppStore|Any CPU.Deploy.0 = Release|Any CPU
		{D1DAF8B6-590F-452F-A302-09D21C139586}.AppStore|ARM.ActiveCfg = Release|Any CPU
		{D1DAF8B6-590F-452F-A302-09D21C139586}.AppStore|ARM.Build.0 = Release|Any CPU
		{D1DAF8B6-590F-452F-A302-09D21C139586}.AppStore|ARM.Deploy.0 = Release|Any CPU
		{D1DAF8B6-590F-452F-A302-09D21C139586}.AppStore|iPhone.ActiveCfg = Release|Any CPU
		{D1DAF8B6-590F-452F-A302-09D21C139586}.AppStore|iPhone.Build.0 = Release|Any CPU
		{D1DAF8B6-590F-452F-A302-09D21C139586}.AppStore|iPhone.Deploy.0 = Release|Any CPU
		{D1DAF8B6-590F-452F-A302-09D21C139586}.AppStore|iPhoneSimulator.ActiveCfg = Release|Any CPU
		{D1DAF8B6-590F-452F-A302-09D21C139586}.AppStore|iPhoneSimulator.Build.0 = Release|Any CPU
		{D1DAF8B6-590F-452F-A302-09D21C139586}.AppStore|iPhoneSimulator.Deploy.0 = Release|Any CPU
		{D1DAF8B6-590F-452F-A302-09D21C139586}.AppStore|x64.ActiveCfg = Release|Any CPU
		{D1DAF8B6-590F-452F-A302-09D21C139586}.AppStore|x64.Build.0 = Release|Any CPU
		{D1DAF8B6-590F-452F-A302-09D21C139586}.AppStore|x64.Deploy.0 = Release|Any CPU
		{D1DAF8B6-590F-452F-A302-09D21C139586}.AppStore|x86.ActiveCfg = Release|Any CPU
		{D1DAF8B6-590F-452F-A302-09D21C139586}.AppStore|x86.Build.0 = Release|Any CPU
		{D1DAF8B6-590F-452F-A302-09D21C139586}.AppStore|x86.Deploy.0 = Release|Any CPU
		{D1DAF8B6-590F-452F-A302-09D21C139586}.Debug|Any CPU.ActiveCfg = Debug|Any CPU
		{D1DAF8B6-590F-452F-A302-09D21C139586}.Debug|Any CPU.Build.0 = Debug|Any CPU
		{D1DAF8B6-590F-452F-A302-09D21C139586}.Debug|Any CPU.Deploy.0 = Debug|Any CPU
		{D1DAF8B6-590F-452F-A302-09D21C139586}.Debug|ARM.ActiveCfg = Debug|Any CPU
		{D1DAF8B6-590F-452F-A302-09D21C139586}.Debug|ARM.Build.0 = Debug|Any CPU
		{D1DAF8B6-590F-452F-A302-09D21C139586}.Debug|ARM.Deploy.0 = Debug|Any CPU
		{D1DAF8B6-590F-452F-A302-09D21C139586}.Debug|iPhone.ActiveCfg = Debug|Any CPU
		{D1DAF8B6-590F-452F-A302-09D21C139586}.Debug|iPhone.Build.0 = Debug|Any CPU
		{D1DAF8B6-590F-452F-A302-09D21C139586}.Debug|iPhone.Deploy.0 = Debug|Any CPU
		{D1DAF8B6-590F-452F-A302-09D21C139586}.Debug|iPhoneSimulator.ActiveCfg = Debug|Any CPU
		{D1DAF8B6-590F-452F-A302-09D21C139586}.Debug|iPhoneSimulator.Build.0 = Debug|Any CPU
		{D1DAF8B6-590F-452F-A302-09D21C139586}.Debug|iPhoneSimulator.Deploy.0 = Debug|Any CPU
		{D1DAF8B6-590F-452F-A302-09D21C139586}.Debug|x64.ActiveCfg = Debug|Any CPU
		{D1DAF8B6-590F-452F-A302-09D21C139586}.Debug|x64.Build.0 = Debug|Any CPU
		{D1DAF8B6-590F-452F-A302-09D21C139586}.Debug|x64.Deploy.0 = Debug|Any CPU
		{D1DAF8B6-590F-452F-A302-09D21C139586}.Debug|x86.ActiveCfg = Debug|Any CPU
		{D1DAF8B6-590F-452F-A302-09D21C139586}.Debug|x86.Build.0 = Debug|Any CPU
		{D1DAF8B6-590F-452F-A302-09D21C139586}.Debug|x86.Deploy.0 = Debug|Any CPU
		{D1DAF8B6-590F-452F-A302-09D21C139586}.Release|Any CPU.ActiveCfg = Release|Any CPU
		{D1DAF8B6-590F-452F-A302-09D21C139586}.Release|Any CPU.Build.0 = Release|Any CPU
		{D1DAF8B6-590F-452F-A302-09D21C139586}.Release|Any CPU.Deploy.0 = Release|Any CPU
		{D1DAF8B6-590F-452F-A302-09D21C139586}.Release|ARM.ActiveCfg = Release|Any CPU
		{D1DAF8B6-590F-452F-A302-09D21C139586}.Release|ARM.Build.0 = Release|Any CPU
		{D1DAF8B6-590F-452F-A302-09D21C139586}.Release|ARM.Deploy.0 = Release|Any CPU
		{D1DAF8B6-590F-452F-A302-09D21C139586}.Release|iPhone.ActiveCfg = Release|Any CPU
		{D1DAF8B6-590F-452F-A302-09D21C139586}.Release|iPhone.Build.0 = Release|Any CPU
		{D1DAF8B6-590F-452F-A302-09D21C139586}.Release|iPhone.Deploy.0 = Release|Any CPU
		{D1DAF8B6-590F-452F-A302-09D21C139586}.Release|iPhoneSimulator.ActiveCfg = Release|Any CPU
		{D1DAF8B6-590F-452F-A302-09D21C139586}.Release|iPhoneSimulator.Build.0 = Release|Any CPU
		{D1DAF8B6-590F-452F-A302-09D21C139586}.Release|iPhoneSimulator.Deploy.0 = Release|Any CPU
		{D1DAF8B6-590F-452F-A302-09D21C139586}.Release|x64.ActiveCfg = Release|Any CPU
		{D1DAF8B6-590F-452F-A302-09D21C139586}.Release|x64.Build.0 = Release|Any CPU
		{D1DAF8B6-590F-452F-A302-09D21C139586}.Release|x64.Deploy.0 = Release|Any CPU
		{D1DAF8B6-590F-452F-A302-09D21C139586}.Release|x86.ActiveCfg = Release|Any CPU
		{D1DAF8B6-590F-452F-A302-09D21C139586}.Release|x86.Build.0 = Release|Any CPU
		{D1DAF8B6-590F-452F-A302-09D21C139586}.Release|x86.Deploy.0 = Release|Any CPU
		{08DC16A4-A472-45CD-AA15-AD4DFB8B6CFC}.Ad-Hoc|Any CPU.ActiveCfg = Ad-Hoc|iPhone
		{08DC16A4-A472-45CD-AA15-AD4DFB8B6CFC}.Ad-Hoc|Any CPU.Build.0 = Ad-Hoc|iPhone
		{08DC16A4-A472-45CD-AA15-AD4DFB8B6CFC}.Ad-Hoc|Any CPU.Deploy.0 = Ad-Hoc|iPhone
		{08DC16A4-A472-45CD-AA15-AD4DFB8B6CFC}.Ad-Hoc|ARM.ActiveCfg = Ad-Hoc|iPhone
		{08DC16A4-A472-45CD-AA15-AD4DFB8B6CFC}.Ad-Hoc|ARM.Build.0 = Ad-Hoc|iPhone
		{08DC16A4-A472-45CD-AA15-AD4DFB8B6CFC}.Ad-Hoc|ARM.Deploy.0 = Ad-Hoc|iPhone
		{08DC16A4-A472-45CD-AA15-AD4DFB8B6CFC}.Ad-Hoc|iPhone.ActiveCfg = Ad-Hoc|iPhone
		{08DC16A4-A472-45CD-AA15-AD4DFB8B6CFC}.Ad-Hoc|iPhone.Build.0 = Ad-Hoc|iPhone
		{08DC16A4-A472-45CD-AA15-AD4DFB8B6CFC}.Ad-Hoc|iPhone.Deploy.0 = Ad-Hoc|iPhone
		{08DC16A4-A472-45CD-AA15-AD4DFB8B6CFC}.Ad-Hoc|iPhoneSimulator.ActiveCfg = Ad-Hoc|iPhoneSimulator
		{08DC16A4-A472-45CD-AA15-AD4DFB8B6CFC}.Ad-Hoc|iPhoneSimulator.Build.0 = Ad-Hoc|iPhoneSimulator
		{08DC16A4-A472-45CD-AA15-AD4DFB8B6CFC}.Ad-Hoc|iPhoneSimulator.Deploy.0 = Ad-Hoc|iPhoneSimulator
		{08DC16A4-A472-45CD-AA15-AD4DFB8B6CFC}.Ad-Hoc|x64.ActiveCfg = Ad-Hoc|iPhone
		{08DC16A4-A472-45CD-AA15-AD4DFB8B6CFC}.Ad-Hoc|x64.Build.0 = Ad-Hoc|iPhone
		{08DC16A4-A472-45CD-AA15-AD4DFB8B6CFC}.Ad-Hoc|x64.Deploy.0 = Ad-Hoc|iPhone
		{08DC16A4-A472-45CD-AA15-AD4DFB8B6CFC}.Ad-Hoc|x86.ActiveCfg = Ad-Hoc|iPhone
		{08DC16A4-A472-45CD-AA15-AD4DFB8B6CFC}.Ad-Hoc|x86.Build.0 = Ad-Hoc|iPhone
		{08DC16A4-A472-45CD-AA15-AD4DFB8B6CFC}.Ad-Hoc|x86.Deploy.0 = Ad-Hoc|iPhone
		{08DC16A4-A472-45CD-AA15-AD4DFB8B6CFC}.AppStore|Any CPU.ActiveCfg = AppStore|iPhone
		{08DC16A4-A472-45CD-AA15-AD4DFB8B6CFC}.AppStore|Any CPU.Build.0 = AppStore|iPhone
		{08DC16A4-A472-45CD-AA15-AD4DFB8B6CFC}.AppStore|Any CPU.Deploy.0 = AppStore|iPhone
		{08DC16A4-A472-45CD-AA15-AD4DFB8B6CFC}.AppStore|ARM.ActiveCfg = AppStore|iPhone
		{08DC16A4-A472-45CD-AA15-AD4DFB8B6CFC}.AppStore|ARM.Build.0 = AppStore|iPhone
		{08DC16A4-A472-45CD-AA15-AD4DFB8B6CFC}.AppStore|ARM.Deploy.0 = AppStore|iPhone
		{08DC16A4-A472-45CD-AA15-AD4DFB8B6CFC}.AppStore|iPhone.ActiveCfg = AppStore|iPhone
		{08DC16A4-A472-45CD-AA15-AD4DFB8B6CFC}.AppStore|iPhone.Build.0 = AppStore|iPhone
		{08DC16A4-A472-45CD-AA15-AD4DFB8B6CFC}.AppStore|iPhone.Deploy.0 = AppStore|iPhone
		{08DC16A4-A472-45CD-AA15-AD4DFB8B6CFC}.AppStore|iPhoneSimulator.ActiveCfg = AppStore|iPhoneSimulator
		{08DC16A4-A472-45CD-AA15-AD4DFB8B6CFC}.AppStore|iPhoneSimulator.Build.0 = AppStore|iPhoneSimulator
		{08DC16A4-A472-45CD-AA15-AD4DFB8B6CFC}.AppStore|iPhoneSimulator.Deploy.0 = AppStore|iPhoneSimulator
		{08DC16A4-A472-45CD-AA15-AD4DFB8B6CFC}.AppStore|x64.ActiveCfg = AppStore|iPhone
		{08DC16A4-A472-45CD-AA15-AD4DFB8B6CFC}.AppStore|x64.Build.0 = AppStore|iPhone
		{08DC16A4-A472-45CD-AA15-AD4DFB8B6CFC}.AppStore|x64.Deploy.0 = AppStore|iPhone
		{08DC16A4-A472-45CD-AA15-AD4DFB8B6CFC}.AppStore|x86.ActiveCfg = AppStore|iPhone
		{08DC16A4-A472-45CD-AA15-AD4DFB8B6CFC}.AppStore|x86.Build.0 = AppStore|iPhone
		{08DC16A4-A472-45CD-AA15-AD4DFB8B6CFC}.AppStore|x86.Deploy.0 = AppStore|iPhone
		{08DC16A4-A472-45CD-AA15-AD4DFB8B6CFC}.Debug|Any CPU.ActiveCfg = Debug|iPhoneSimulator
		{08DC16A4-A472-45CD-AA15-AD4DFB8B6CFC}.Debug|Any CPU.Build.0 = Debug|iPhoneSimulator
		{08DC16A4-A472-45CD-AA15-AD4DFB8B6CFC}.Debug|Any CPU.Deploy.0 = Debug|iPhoneSimulator
		{08DC16A4-A472-45CD-AA15-AD4DFB8B6CFC}.Debug|ARM.ActiveCfg = Debug|iPhone
		{08DC16A4-A472-45CD-AA15-AD4DFB8B6CFC}.Debug|ARM.Build.0 = Debug|iPhone
		{08DC16A4-A472-45CD-AA15-AD4DFB8B6CFC}.Debug|ARM.Deploy.0 = Debug|iPhone
		{08DC16A4-A472-45CD-AA15-AD4DFB8B6CFC}.Debug|iPhone.ActiveCfg = Debug|iPhone
		{08DC16A4-A472-45CD-AA15-AD4DFB8B6CFC}.Debug|iPhone.Build.0 = Debug|iPhone
		{08DC16A4-A472-45CD-AA15-AD4DFB8B6CFC}.Debug|iPhone.Deploy.0 = Debug|iPhone
		{08DC16A4-A472-45CD-AA15-AD4DFB8B6CFC}.Debug|iPhoneSimulator.ActiveCfg = Debug|iPhoneSimulator
		{08DC16A4-A472-45CD-AA15-AD4DFB8B6CFC}.Debug|iPhoneSimulator.Build.0 = Debug|iPhoneSimulator
		{08DC16A4-A472-45CD-AA15-AD4DFB8B6CFC}.Debug|iPhoneSimulator.Deploy.0 = Debug|iPhoneSimulator
		{08DC16A4-A472-45CD-AA15-AD4DFB8B6CFC}.Debug|x64.ActiveCfg = Debug|iPhone
		{08DC16A4-A472-45CD-AA15-AD4DFB8B6CFC}.Debug|x64.Build.0 = Debug|iPhone
		{08DC16A4-A472-45CD-AA15-AD4DFB8B6CFC}.Debug|x64.Deploy.0 = Debug|iPhone
		{08DC16A4-A472-45CD-AA15-AD4DFB8B6CFC}.Debug|x86.ActiveCfg = Debug|iPhone
		{08DC16A4-A472-45CD-AA15-AD4DFB8B6CFC}.Debug|x86.Build.0 = Debug|iPhone
		{08DC16A4-A472-45CD-AA15-AD4DFB8B6CFC}.Debug|x86.Deploy.0 = Debug|iPhone
		{08DC16A4-A472-45CD-AA15-AD4DFB8B6CFC}.Release|Any CPU.ActiveCfg = Release|iPhone
		{08DC16A4-A472-45CD-AA15-AD4DFB8B6CFC}.Release|Any CPU.Build.0 = Release|iPhone
		{08DC16A4-A472-45CD-AA15-AD4DFB8B6CFC}.Release|Any CPU.Deploy.0 = Release|iPhone
		{08DC16A4-A472-45CD-AA15-AD4DFB8B6CFC}.Release|ARM.ActiveCfg = Release|iPhone
		{08DC16A4-A472-45CD-AA15-AD4DFB8B6CFC}.Release|ARM.Build.0 = Release|iPhone
		{08DC16A4-A472-45CD-AA15-AD4DFB8B6CFC}.Release|ARM.Deploy.0 = Release|iPhone
		{08DC16A4-A472-45CD-AA15-AD4DFB8B6CFC}.Release|iPhone.ActiveCfg = Release|iPhone
		{08DC16A4-A472-45CD-AA15-AD4DFB8B6CFC}.Release|iPhone.Build.0 = Release|iPhone
		{08DC16A4-A472-45CD-AA15-AD4DFB8B6CFC}.Release|iPhone.Deploy.0 = Release|iPhone
		{08DC16A4-A472-45CD-AA15-AD4DFB8B6CFC}.Release|iPhoneSimulator.ActiveCfg = Release|iPhoneSimulator
		{08DC16A4-A472-45CD-AA15-AD4DFB8B6CFC}.Release|iPhoneSimulator.Build.0 = Release|iPhoneSimulator
		{08DC16A4-A472-45CD-AA15-AD4DFB8B6CFC}.Release|iPhoneSimulator.Deploy.0 = Release|iPhoneSimulator
		{08DC16A4-A472-45CD-AA15-AD4DFB8B6CFC}.Release|x64.ActiveCfg = Release|iPhone
		{08DC16A4-A472-45CD-AA15-AD4DFB8B6CFC}.Release|x64.Build.0 = Release|iPhone
		{08DC16A4-A472-45CD-AA15-AD4DFB8B6CFC}.Release|x64.Deploy.0 = Release|iPhone
		{08DC16A4-A472-45CD-AA15-AD4DFB8B6CFC}.Release|x86.ActiveCfg = Release|iPhone
		{08DC16A4-A472-45CD-AA15-AD4DFB8B6CFC}.Release|x86.Build.0 = Release|iPhone
		{08DC16A4-A472-45CD-AA15-AD4DFB8B6CFC}.Release|x86.Deploy.0 = Release|iPhone
		{E2DAE720-6003-4A27-8725-EC92A55DD9C7}.Ad-Hoc|Any CPU.ActiveCfg = Release|x86
		{E2DAE720-6003-4A27-8725-EC92A55DD9C7}.Ad-Hoc|Any CPU.Build.0 = Release|x86
		{E2DAE720-6003-4A27-8725-EC92A55DD9C7}.Ad-Hoc|Any CPU.Deploy.0 = Release|x86
		{E2DAE720-6003-4A27-8725-EC92A55DD9C7}.Ad-Hoc|ARM.ActiveCfg = Release|ARM
		{E2DAE720-6003-4A27-8725-EC92A55DD9C7}.Ad-Hoc|ARM.Build.0 = Release|ARM
		{E2DAE720-6003-4A27-8725-EC92A55DD9C7}.Ad-Hoc|ARM.Deploy.0 = Release|ARM
		{E2DAE720-6003-4A27-8725-EC92A55DD9C7}.Ad-Hoc|iPhone.ActiveCfg = Release|x86
		{E2DAE720-6003-4A27-8725-EC92A55DD9C7}.Ad-Hoc|iPhone.Build.0 = Release|x86
		{E2DAE720-6003-4A27-8725-EC92A55DD9C7}.Ad-Hoc|iPhone.Deploy.0 = Release|x86
		{E2DAE720-6003-4A27-8725-EC92A55DD9C7}.Ad-Hoc|iPhoneSimulator.ActiveCfg = Release|x86
		{E2DAE720-6003-4A27-8725-EC92A55DD9C7}.Ad-Hoc|iPhoneSimulator.Build.0 = Release|x86
		{E2DAE720-6003-4A27-8725-EC92A55DD9C7}.Ad-Hoc|iPhoneSimulator.Deploy.0 = Release|x86
		{E2DAE720-6003-4A27-8725-EC92A55DD9C7}.Ad-Hoc|x64.ActiveCfg = Release|x64
		{E2DAE720-6003-4A27-8725-EC92A55DD9C7}.Ad-Hoc|x64.Build.0 = Release|x64
		{E2DAE720-6003-4A27-8725-EC92A55DD9C7}.Ad-Hoc|x64.Deploy.0 = Release|x64
		{E2DAE720-6003-4A27-8725-EC92A55DD9C7}.Ad-Hoc|x86.ActiveCfg = Release|x86
		{E2DAE720-6003-4A27-8725-EC92A55DD9C7}.Ad-Hoc|x86.Build.0 = Release|x86
		{E2DAE720-6003-4A27-8725-EC92A55DD9C7}.Ad-Hoc|x86.Deploy.0 = Release|x86
		{E2DAE720-6003-4A27-8725-EC92A55DD9C7}.AppStore|Any CPU.ActiveCfg = Release|x86
		{E2DAE720-6003-4A27-8725-EC92A55DD9C7}.AppStore|Any CPU.Build.0 = Release|x86
		{E2DAE720-6003-4A27-8725-EC92A55DD9C7}.AppStore|Any CPU.Deploy.0 = Release|x86
		{E2DAE720-6003-4A27-8725-EC92A55DD9C7}.AppStore|ARM.ActiveCfg = Release|ARM
		{E2DAE720-6003-4A27-8725-EC92A55DD9C7}.AppStore|ARM.Build.0 = Release|ARM
		{E2DAE720-6003-4A27-8725-EC92A55DD9C7}.AppStore|ARM.Deploy.0 = Release|ARM
		{E2DAE720-6003-4A27-8725-EC92A55DD9C7}.AppStore|iPhone.ActiveCfg = Release|x86
		{E2DAE720-6003-4A27-8725-EC92A55DD9C7}.AppStore|iPhone.Build.0 = Release|x86
		{E2DAE720-6003-4A27-8725-EC92A55DD9C7}.AppStore|iPhone.Deploy.0 = Release|x86
		{E2DAE720-6003-4A27-8725-EC92A55DD9C7}.AppStore|iPhoneSimulator.ActiveCfg = Release|x86
		{E2DAE720-6003-4A27-8725-EC92A55DD9C7}.AppStore|iPhoneSimulator.Build.0 = Release|x86
		{E2DAE720-6003-4A27-8725-EC92A55DD9C7}.AppStore|iPhoneSimulator.Deploy.0 = Release|x86
		{E2DAE720-6003-4A27-8725-EC92A55DD9C7}.AppStore|x64.ActiveCfg = Release|x64
		{E2DAE720-6003-4A27-8725-EC92A55DD9C7}.AppStore|x64.Build.0 = Release|x64
		{E2DAE720-6003-4A27-8725-EC92A55DD9C7}.AppStore|x64.Deploy.0 = Release|x64
		{E2DAE720-6003-4A27-8725-EC92A55DD9C7}.AppStore|x86.ActiveCfg = Release|x86
		{E2DAE720-6003-4A27-8725-EC92A55DD9C7}.AppStore|x86.Build.0 = Release|x86
		{E2DAE720-6003-4A27-8725-EC92A55DD9C7}.AppStore|x86.Deploy.0 = Release|x86
		{E2DAE720-6003-4A27-8725-EC92A55DD9C7}.Debug|Any CPU.ActiveCfg = Debug|x86
		{E2DAE720-6003-4A27-8725-EC92A55DD9C7}.Debug|Any CPU.Build.0 = Debug|x86
		{E2DAE720-6003-4A27-8725-EC92A55DD9C7}.Debug|Any CPU.Deploy.0 = Debug|x86
		{E2DAE720-6003-4A27-8725-EC92A55DD9C7}.Debug|ARM.ActiveCfg = Debug|ARM
		{E2DAE720-6003-4A27-8725-EC92A55DD9C7}.Debug|ARM.Build.0 = Debug|ARM
		{E2DAE720-6003-4A27-8725-EC92A55DD9C7}.Debug|ARM.Deploy.0 = Debug|ARM
		{E2DAE720-6003-4A27-8725-EC92A55DD9C7}.Debug|iPhone.ActiveCfg = Debug|x86
		{E2DAE720-6003-4A27-8725-EC92A55DD9C7}.Debug|iPhone.Build.0 = Debug|x86
		{E2DAE720-6003-4A27-8725-EC92A55DD9C7}.Debug|iPhone.Deploy.0 = Debug|x86
		{E2DAE720-6003-4A27-8725-EC92A55DD9C7}.Debug|iPhoneSimulator.ActiveCfg = Debug|x86
		{E2DAE720-6003-4A27-8725-EC92A55DD9C7}.Debug|iPhoneSimulator.Build.0 = Debug|x86
		{E2DAE720-6003-4A27-8725-EC92A55DD9C7}.Debug|iPhoneSimulator.Deploy.0 = Debug|x86
		{E2DAE720-6003-4A27-8725-EC92A55DD9C7}.Debug|x64.ActiveCfg = Debug|x64
		{E2DAE720-6003-4A27-8725-EC92A55DD9C7}.Debug|x64.Build.0 = Debug|x64
		{E2DAE720-6003-4A27-8725-EC92A55DD9C7}.Debug|x64.Deploy.0 = Debug|x64
		{E2DAE720-6003-4A27-8725-EC92A55DD9C7}.Debug|x86.ActiveCfg = Debug|x86
		{E2DAE720-6003-4A27-8725-EC92A55DD9C7}.Debug|x86.Build.0 = Debug|x86
		{E2DAE720-6003-4A27-8725-EC92A55DD9C7}.Debug|x86.Deploy.0 = Debug|x86
		{E2DAE720-6003-4A27-8725-EC92A55DD9C7}.Release|Any CPU.ActiveCfg = Release|x86
		{E2DAE720-6003-4A27-8725-EC92A55DD9C7}.Release|Any CPU.Build.0 = Release|x86
		{E2DAE720-6003-4A27-8725-EC92A55DD9C7}.Release|Any CPU.Deploy.0 = Release|x86
		{E2DAE720-6003-4A27-8725-EC92A55DD9C7}.Release|ARM.ActiveCfg = Release|ARM
		{E2DAE720-6003-4A27-8725-EC92A55DD9C7}.Release|ARM.Build.0 = Release|ARM
		{E2DAE720-6003-4A27-8725-EC92A55DD9C7}.Release|ARM.Deploy.0 = Release|ARM
		{E2DAE720-6003-4A27-8725-EC92A55DD9C7}.Release|iPhone.ActiveCfg = Release|x86
		{E2DAE720-6003-4A27-8725-EC92A55DD9C7}.Release|iPhone.Build.0 = Release|x86
		{E2DAE720-6003-4A27-8725-EC92A55DD9C7}.Release|iPhone.Deploy.0 = Release|x86
		{E2DAE720-6003-4A27-8725-EC92A55DD9C7}.Release|iPhoneSimulator.ActiveCfg = Release|x86
		{E2DAE720-6003-4A27-8725-EC92A55DD9C7}.Release|iPhoneSimulator.Build.0 = Release|x86
		{E2DAE720-6003-4A27-8725-EC92A55DD9C7}.Release|iPhoneSimulator.Deploy.0 = Release|x86
		{E2DAE720-6003-4A27-8725-EC92A55DD9C7}.Release|x64.ActiveCfg = Release|x64
		{E2DAE720-6003-4A27-8725-EC92A55DD9C7}.Release|x64.Build.0 = Release|x64
		{E2DAE720-6003-4A27-8725-EC92A55DD9C7}.Release|x64.Deploy.0 = Release|x64
		{E2DAE720-6003-4A27-8725-EC92A55DD9C7}.Release|x86.ActiveCfg = Release|x86
		{E2DAE720-6003-4A27-8725-EC92A55DD9C7}.Release|x86.Build.0 = Release|x86
		{E2DAE720-6003-4A27-8725-EC92A55DD9C7}.Release|x86.Deploy.0 = Release|x86
		{DF19F509-9D59-42EC-8AC9-8A49C133AD12}.Ad-Hoc|Any CPU.ActiveCfg = Debug|Any CPU
		{DF19F509-9D59-42EC-8AC9-8A49C133AD12}.Ad-Hoc|Any CPU.Build.0 = Debug|Any CPU
		{DF19F509-9D59-42EC-8AC9-8A49C133AD12}.Ad-Hoc|Any CPU.Deploy.0 = Debug|Any CPU
		{DF19F509-9D59-42EC-8AC9-8A49C133AD12}.Ad-Hoc|ARM.ActiveCfg = Debug|Any CPU
		{DF19F509-9D59-42EC-8AC9-8A49C133AD12}.Ad-Hoc|ARM.Build.0 = Debug|Any CPU
		{DF19F509-9D59-42EC-8AC9-8A49C133AD12}.Ad-Hoc|ARM.Deploy.0 = Debug|Any CPU
		{DF19F509-9D59-42EC-8AC9-8A49C133AD12}.Ad-Hoc|iPhone.ActiveCfg = Debug|Any CPU
		{DF19F509-9D59-42EC-8AC9-8A49C133AD12}.Ad-Hoc|iPhone.Build.0 = Debug|Any CPU
		{DF19F509-9D59-42EC-8AC9-8A49C133AD12}.Ad-Hoc|iPhone.Deploy.0 = Debug|Any CPU
		{DF19F509-9D59-42EC-8AC9-8A49C133AD12}.Ad-Hoc|iPhoneSimulator.ActiveCfg = Debug|Any CPU
		{DF19F509-9D59-42EC-8AC9-8A49C133AD12}.Ad-Hoc|iPhoneSimulator.Build.0 = Debug|Any CPU
		{DF19F509-9D59-42EC-8AC9-8A49C133AD12}.Ad-Hoc|iPhoneSimulator.Deploy.0 = Debug|Any CPU
		{DF19F509-9D59-42EC-8AC9-8A49C133AD12}.Ad-Hoc|x64.ActiveCfg = Debug|Any CPU
		{DF19F509-9D59-42EC-8AC9-8A49C133AD12}.Ad-Hoc|x64.Build.0 = Debug|Any CPU
		{DF19F509-9D59-42EC-8AC9-8A49C133AD12}.Ad-Hoc|x64.Deploy.0 = Debug|Any CPU
		{DF19F509-9D59-42EC-8AC9-8A49C133AD12}.Ad-Hoc|x86.ActiveCfg = Debug|Any CPU
		{DF19F509-9D59-42EC-8AC9-8A49C133AD12}.Ad-Hoc|x86.Build.0 = Debug|Any CPU
		{DF19F509-9D59-42EC-8AC9-8A49C133AD12}.Ad-Hoc|x86.Deploy.0 = Debug|Any CPU
		{DF19F509-9D59-42EC-8AC9-8A49C133AD12}.AppStore|Any CPU.ActiveCfg = Debug|Any CPU
		{DF19F509-9D59-42EC-8AC9-8A49C133AD12}.AppStore|Any CPU.Build.0 = Debug|Any CPU
		{DF19F509-9D59-42EC-8AC9-8A49C133AD12}.AppStore|Any CPU.Deploy.0 = Debug|Any CPU
		{DF19F509-9D59-42EC-8AC9-8A49C133AD12}.AppStore|ARM.ActiveCfg = Debug|Any CPU
		{DF19F509-9D59-42EC-8AC9-8A49C133AD12}.AppStore|ARM.Build.0 = Debug|Any CPU
		{DF19F509-9D59-42EC-8AC9-8A49C133AD12}.AppStore|ARM.Deploy.0 = Debug|Any CPU
		{DF19F509-9D59-42EC-8AC9-8A49C133AD12}.AppStore|iPhone.ActiveCfg = Debug|Any CPU
		{DF19F509-9D59-42EC-8AC9-8A49C133AD12}.AppStore|iPhone.Build.0 = Debug|Any CPU
		{DF19F509-9D59-42EC-8AC9-8A49C133AD12}.AppStore|iPhone.Deploy.0 = Debug|Any CPU
		{DF19F509-9D59-42EC-8AC9-8A49C133AD12}.AppStore|iPhoneSimulator.ActiveCfg = Debug|Any CPU
		{DF19F509-9D59-42EC-8AC9-8A49C133AD12}.AppStore|iPhoneSimulator.Build.0 = Debug|Any CPU
		{DF19F509-9D59-42EC-8AC9-8A49C133AD12}.AppStore|iPhoneSimulator.Deploy.0 = Debug|Any CPU
		{DF19F509-9D59-42EC-8AC9-8A49C133AD12}.AppStore|x64.ActiveCfg = Debug|Any CPU
		{DF19F509-9D59-42EC-8AC9-8A49C133AD12}.AppStore|x64.Build.0 = Debug|Any CPU
		{DF19F509-9D59-42EC-8AC9-8A49C133AD12}.AppStore|x64.Deploy.0 = Debug|Any CPU
		{DF19F509-9D59-42EC-8AC9-8A49C133AD12}.AppStore|x86.ActiveCfg = Debug|Any CPU
		{DF19F509-9D59-42EC-8AC9-8A49C133AD12}.AppStore|x86.Build.0 = Debug|Any CPU
		{DF19F509-9D59-42EC-8AC9-8A49C133AD12}.AppStore|x86.Deploy.0 = Debug|Any CPU
		{DF19F509-9D59-42EC-8AC9-8A49C133AD12}.Debug|Any CPU.ActiveCfg = Debug|Any CPU
		{DF19F509-9D59-42EC-8AC9-8A49C133AD12}.Debug|Any CPU.Build.0 = Debug|Any CPU
		{DF19F509-9D59-42EC-8AC9-8A49C133AD12}.Debug|Any CPU.Deploy.0 = Debug|Any CPU
		{DF19F509-9D59-42EC-8AC9-8A49C133AD12}.Debug|ARM.ActiveCfg = Debug|Any CPU
		{DF19F509-9D59-42EC-8AC9-8A49C133AD12}.Debug|ARM.Build.0 = Debug|Any CPU
		{DF19F509-9D59-42EC-8AC9-8A49C133AD12}.Debug|ARM.Deploy.0 = Debug|Any CPU
		{DF19F509-9D59-42EC-8AC9-8A49C133AD12}.Debug|iPhone.ActiveCfg = Debug|Any CPU
		{DF19F509-9D59-42EC-8AC9-8A49C133AD12}.Debug|iPhone.Build.0 = Debug|Any CPU
		{DF19F509-9D59-42EC-8AC9-8A49C133AD12}.Debug|iPhone.Deploy.0 = Debug|Any CPU
		{DF19F509-9D59-42EC-8AC9-8A49C133AD12}.Debug|iPhoneSimulator.ActiveCfg = Debug|Any CPU
		{DF19F509-9D59-42EC-8AC9-8A49C133AD12}.Debug|iPhoneSimulator.Build.0 = Debug|Any CPU
		{DF19F509-9D59-42EC-8AC9-8A49C133AD12}.Debug|iPhoneSimulator.Deploy.0 = Debug|Any CPU
		{DF19F509-9D59-42EC-8AC9-8A49C133AD12}.Debug|x64.ActiveCfg = Debug|Any CPU
		{DF19F509-9D59-42EC-8AC9-8A49C133AD12}.Debug|x64.Build.0 = Debug|Any CPU
		{DF19F509-9D59-42EC-8AC9-8A49C133AD12}.Debug|x64.Deploy.0 = Debug|Any CPU
		{DF19F509-9D59-42EC-8AC9-8A49C133AD12}.Debug|x86.ActiveCfg = Debug|Any CPU
		{DF19F509-9D59-42EC-8AC9-8A49C133AD12}.Debug|x86.Build.0 = Debug|Any CPU
		{DF19F509-9D59-42EC-8AC9-8A49C133AD12}.Debug|x86.Deploy.0 = Debug|Any CPU
		{DF19F509-9D59-42EC-8AC9-8A49C133AD12}.Release|Any CPU.ActiveCfg = Release|Any CPU
		{DF19F509-9D59-42EC-8AC9-8A49C133AD12}.Release|Any CPU.Build.0 = Release|Any CPU
		{DF19F509-9D59-42EC-8AC9-8A49C133AD12}.Release|Any CPU.Deploy.0 = Release|Any CPU
		{DF19F509-9D59-42EC-8AC9-8A49C133AD12}.Release|ARM.ActiveCfg = Release|Any CPU
		{DF19F509-9D59-42EC-8AC9-8A49C133AD12}.Release|ARM.Build.0 = Release|Any CPU
		{DF19F509-9D59-42EC-8AC9-8A49C133AD12}.Release|ARM.Deploy.0 = Release|Any CPU
		{DF19F509-9D59-42EC-8AC9-8A49C133AD12}.Release|iPhone.ActiveCfg = Release|Any CPU
		{DF19F509-9D59-42EC-8AC9-8A49C133AD12}.Release|iPhone.Build.0 = Release|Any CPU
		{DF19F509-9D59-42EC-8AC9-8A49C133AD12}.Release|iPhone.Deploy.0 = Release|Any CPU
		{DF19F509-9D59-42EC-8AC9-8A49C133AD12}.Release|iPhoneSimulator.ActiveCfg = Release|Any CPU
		{DF19F509-9D59-42EC-8AC9-8A49C133AD12}.Release|iPhoneSimulator.Build.0 = Release|Any CPU
		{DF19F509-9D59-42EC-8AC9-8A49C133AD12}.Release|iPhoneSimulator.Deploy.0 = Release|Any CPU
		{DF19F509-9D59-42EC-8AC9-8A49C133AD12}.Release|x64.ActiveCfg = Release|Any CPU
		{DF19F509-9D59-42EC-8AC9-8A49C133AD12}.Release|x64.Build.0 = Release|Any CPU
		{DF19F509-9D59-42EC-8AC9-8A49C133AD12}.Release|x64.Deploy.0 = Release|Any CPU
		{DF19F509-9D59-42EC-8AC9-8A49C133AD12}.Release|x86.ActiveCfg = Release|Any CPU
		{DF19F509-9D59-42EC-8AC9-8A49C133AD12}.Release|x86.Build.0 = Release|Any CPU
		{DF19F509-9D59-42EC-8AC9-8A49C133AD12}.Release|x86.Deploy.0 = Release|Any CPU
		{DAA0A4F5-2401-4D62-80DC-1781282C8A91}.Ad-Hoc|Any CPU.ActiveCfg = Release|Any CPU
		{DAA0A4F5-2401-4D62-80DC-1781282C8A91}.Ad-Hoc|Any CPU.Build.0 = Release|Any CPU
		{DAA0A4F5-2401-4D62-80DC-1781282C8A91}.Ad-Hoc|ARM.ActiveCfg = Release|Any CPU
		{DAA0A4F5-2401-4D62-80DC-1781282C8A91}.Ad-Hoc|ARM.Build.0 = Release|Any CPU
		{DAA0A4F5-2401-4D62-80DC-1781282C8A91}.Ad-Hoc|iPhone.ActiveCfg = Release|Any CPU
		{DAA0A4F5-2401-4D62-80DC-1781282C8A91}.Ad-Hoc|iPhone.Build.0 = Release|Any CPU
		{DAA0A4F5-2401-4D62-80DC-1781282C8A91}.Ad-Hoc|iPhoneSimulator.ActiveCfg = Release|Any CPU
		{DAA0A4F5-2401-4D62-80DC-1781282C8A91}.Ad-Hoc|iPhoneSimulator.Build.0 = Release|Any CPU
		{DAA0A4F5-2401-4D62-80DC-1781282C8A91}.Ad-Hoc|x64.ActiveCfg = Release|Any CPU
		{DAA0A4F5-2401-4D62-80DC-1781282C8A91}.Ad-Hoc|x64.Build.0 = Release|Any CPU
		{DAA0A4F5-2401-4D62-80DC-1781282C8A91}.Ad-Hoc|x86.ActiveCfg = Release|Any CPU
		{DAA0A4F5-2401-4D62-80DC-1781282C8A91}.Ad-Hoc|x86.Build.0 = Release|Any CPU
		{DAA0A4F5-2401-4D62-80DC-1781282C8A91}.AppStore|Any CPU.ActiveCfg = Release|Any CPU
		{DAA0A4F5-2401-4D62-80DC-1781282C8A91}.AppStore|Any CPU.Build.0 = Release|Any CPU
		{DAA0A4F5-2401-4D62-80DC-1781282C8A91}.AppStore|ARM.ActiveCfg = Release|Any CPU
		{DAA0A4F5-2401-4D62-80DC-1781282C8A91}.AppStore|ARM.Build.0 = Release|Any CPU
		{DAA0A4F5-2401-4D62-80DC-1781282C8A91}.AppStore|iPhone.ActiveCfg = Release|Any CPU
		{DAA0A4F5-2401-4D62-80DC-1781282C8A91}.AppStore|iPhone.Build.0 = Release|Any CPU
		{DAA0A4F5-2401-4D62-80DC-1781282C8A91}.AppStore|iPhoneSimulator.ActiveCfg = Release|Any CPU
		{DAA0A4F5-2401-4D62-80DC-1781282C8A91}.AppStore|iPhoneSimulator.Build.0 = Release|Any CPU
		{DAA0A4F5-2401-4D62-80DC-1781282C8A91}.AppStore|x64.ActiveCfg = Release|Any CPU
		{DAA0A4F5-2401-4D62-80DC-1781282C8A91}.AppStore|x64.Build.0 = Release|Any CPU
		{DAA0A4F5-2401-4D62-80DC-1781282C8A91}.AppStore|x86.ActiveCfg = Release|Any CPU
		{DAA0A4F5-2401-4D62-80DC-1781282C8A91}.AppStore|x86.Build.0 = Release|Any CPU
		{DAA0A4F5-2401-4D62-80DC-1781282C8A91}.Debug|Any CPU.ActiveCfg = Debug|Any CPU
		{DAA0A4F5-2401-4D62-80DC-1781282C8A91}.Debug|Any CPU.Build.0 = Debug|Any CPU
		{DAA0A4F5-2401-4D62-80DC-1781282C8A91}.Debug|ARM.ActiveCfg = Debug|Any CPU
		{DAA0A4F5-2401-4D62-80DC-1781282C8A91}.Debug|ARM.Build.0 = Debug|Any CPU
		{DAA0A4F5-2401-4D62-80DC-1781282C8A91}.Debug|iPhone.ActiveCfg = Debug|Any CPU
		{DAA0A4F5-2401-4D62-80DC-1781282C8A91}.Debug|iPhone.Build.0 = Debug|Any CPU
		{DAA0A4F5-2401-4D62-80DC-1781282C8A91}.Debug|iPhoneSimulator.ActiveCfg = Debug|Any CPU
		{DAA0A4F5-2401-4D62-80DC-1781282C8A91}.Debug|iPhoneSimulator.Build.0 = Debug|Any CPU
		{DAA0A4F5-2401-4D62-80DC-1781282C8A91}.Debug|x64.ActiveCfg = Debug|Any CPU
		{DAA0A4F5-2401-4D62-80DC-1781282C8A91}.Debug|x64.Build.0 = Debug|Any CPU
		{DAA0A4F5-2401-4D62-80DC-1781282C8A91}.Debug|x86.ActiveCfg = Debug|Any CPU
		{DAA0A4F5-2401-4D62-80DC-1781282C8A91}.Debug|x86.Build.0 = Debug|Any CPU
		{DAA0A4F5-2401-4D62-80DC-1781282C8A91}.Release|Any CPU.ActiveCfg = Release|Any CPU
		{DAA0A4F5-2401-4D62-80DC-1781282C8A91}.Release|Any CPU.Build.0 = Release|Any CPU
		{DAA0A4F5-2401-4D62-80DC-1781282C8A91}.Release|ARM.ActiveCfg = Release|Any CPU
		{DAA0A4F5-2401-4D62-80DC-1781282C8A91}.Release|ARM.Build.0 = Release|Any CPU
		{DAA0A4F5-2401-4D62-80DC-1781282C8A91}.Release|iPhone.ActiveCfg = Release|Any CPU
		{DAA0A4F5-2401-4D62-80DC-1781282C8A91}.Release|iPhone.Build.0 = Release|Any CPU
		{DAA0A4F5-2401-4D62-80DC-1781282C8A91}.Release|iPhoneSimulator.ActiveCfg = Release|Any CPU
		{DAA0A4F5-2401-4D62-80DC-1781282C8A91}.Release|iPhoneSimulator.Build.0 = Release|Any CPU
		{DAA0A4F5-2401-4D62-80DC-1781282C8A91}.Release|x64.ActiveCfg = Release|Any CPU
		{DAA0A4F5-2401-4D62-80DC-1781282C8A91}.Release|x64.Build.0 = Release|Any CPU
		{DAA0A4F5-2401-4D62-80DC-1781282C8A91}.Release|x86.ActiveCfg = Release|Any CPU
		{DAA0A4F5-2401-4D62-80DC-1781282C8A91}.Release|x86.Build.0 = Release|Any CPU
		{160C4846-454C-4EB9-8ACF-E9D7ED7F3DC9}.Ad-Hoc|Any CPU.ActiveCfg = Release|Any CPU
		{160C4846-454C-4EB9-8ACF-E9D7ED7F3DC9}.Ad-Hoc|Any CPU.Build.0 = Release|Any CPU
		{160C4846-454C-4EB9-8ACF-E9D7ED7F3DC9}.Ad-Hoc|ARM.ActiveCfg = Release|Any CPU
		{160C4846-454C-4EB9-8ACF-E9D7ED7F3DC9}.Ad-Hoc|ARM.Build.0 = Release|Any CPU
		{160C4846-454C-4EB9-8ACF-E9D7ED7F3DC9}.Ad-Hoc|iPhone.ActiveCfg = Release|Any CPU
		{160C4846-454C-4EB9-8ACF-E9D7ED7F3DC9}.Ad-Hoc|iPhone.Build.0 = Release|Any CPU
		{160C4846-454C-4EB9-8ACF-E9D7ED7F3DC9}.Ad-Hoc|iPhoneSimulator.ActiveCfg = Release|Any CPU
		{160C4846-454C-4EB9-8ACF-E9D7ED7F3DC9}.Ad-Hoc|iPhoneSimulator.Build.0 = Release|Any CPU
		{160C4846-454C-4EB9-8ACF-E9D7ED7F3DC9}.Ad-Hoc|x64.ActiveCfg = Release|Any CPU
		{160C4846-454C-4EB9-8ACF-E9D7ED7F3DC9}.Ad-Hoc|x64.Build.0 = Release|Any CPU
		{160C4846-454C-4EB9-8ACF-E9D7ED7F3DC9}.Ad-Hoc|x86.ActiveCfg = Release|Any CPU
		{160C4846-454C-4EB9-8ACF-E9D7ED7F3DC9}.Ad-Hoc|x86.Build.0 = Release|Any CPU
		{160C4846-454C-4EB9-8ACF-E9D7ED7F3DC9}.AppStore|Any CPU.ActiveCfg = Release|Any CPU
		{160C4846-454C-4EB9-8ACF-E9D7ED7F3DC9}.AppStore|Any CPU.Build.0 = Release|Any CPU
		{160C4846-454C-4EB9-8ACF-E9D7ED7F3DC9}.AppStore|ARM.ActiveCfg = Release|Any CPU
		{160C4846-454C-4EB9-8ACF-E9D7ED7F3DC9}.AppStore|ARM.Build.0 = Release|Any CPU
		{160C4846-454C-4EB9-8ACF-E9D7ED7F3DC9}.AppStore|iPhone.ActiveCfg = Release|Any CPU
		{160C4846-454C-4EB9-8ACF-E9D7ED7F3DC9}.AppStore|iPhone.Build.0 = Release|Any CPU
		{160C4846-454C-4EB9-8ACF-E9D7ED7F3DC9}.AppStore|iPhoneSimulator.ActiveCfg = Release|Any CPU
		{160C4846-454C-4EB9-8ACF-E9D7ED7F3DC9}.AppStore|iPhoneSimulator.Build.0 = Release|Any CPU
		{160C4846-454C-4EB9-8ACF-E9D7ED7F3DC9}.AppStore|x64.ActiveCfg = Release|Any CPU
		{160C4846-454C-4EB9-8ACF-E9D7ED7F3DC9}.AppStore|x64.Build.0 = Release|Any CPU
		{160C4846-454C-4EB9-8ACF-E9D7ED7F3DC9}.AppStore|x86.ActiveCfg = Release|Any CPU
		{160C4846-454C-4EB9-8ACF-E9D7ED7F3DC9}.AppStore|x86.Build.0 = Release|Any CPU
		{160C4846-454C-4EB9-8ACF-E9D7ED7F3DC9}.Debug|Any CPU.ActiveCfg = Debug|Any CPU
		{160C4846-454C-4EB9-8ACF-E9D7ED7F3DC9}.Debug|Any CPU.Build.0 = Debug|Any CPU
		{160C4846-454C-4EB9-8ACF-E9D7ED7F3DC9}.Debug|ARM.ActiveCfg = Debug|Any CPU
		{160C4846-454C-4EB9-8ACF-E9D7ED7F3DC9}.Debug|ARM.Build.0 = Debug|Any CPU
		{160C4846-454C-4EB9-8ACF-E9D7ED7F3DC9}.Debug|iPhone.ActiveCfg = Debug|Any CPU
		{160C4846-454C-4EB9-8ACF-E9D7ED7F3DC9}.Debug|iPhone.Build.0 = Debug|Any CPU
		{160C4846-454C-4EB9-8ACF-E9D7ED7F3DC9}.Debug|iPhoneSimulator.ActiveCfg = Debug|Any CPU
		{160C4846-454C-4EB9-8ACF-E9D7ED7F3DC9}.Debug|iPhoneSimulator.Build.0 = Debug|Any CPU
		{160C4846-454C-4EB9-8ACF-E9D7ED7F3DC9}.Debug|x64.ActiveCfg = Debug|Any CPU
		{160C4846-454C-4EB9-8ACF-E9D7ED7F3DC9}.Debug|x64.Build.0 = Debug|Any CPU
		{160C4846-454C-4EB9-8ACF-E9D7ED7F3DC9}.Debug|x86.ActiveCfg = Debug|Any CPU
		{160C4846-454C-4EB9-8ACF-E9D7ED7F3DC9}.Debug|x86.Build.0 = Debug|Any CPU
		{160C4846-454C-4EB9-8ACF-E9D7ED7F3DC9}.Release|Any CPU.ActiveCfg = Release|Any CPU
		{160C4846-454C-4EB9-8ACF-E9D7ED7F3DC9}.Release|Any CPU.Build.0 = Release|Any CPU
		{160C4846-454C-4EB9-8ACF-E9D7ED7F3DC9}.Release|ARM.ActiveCfg = Release|Any CPU
		{160C4846-454C-4EB9-8ACF-E9D7ED7F3DC9}.Release|ARM.Build.0 = Release|Any CPU
		{160C4846-454C-4EB9-8ACF-E9D7ED7F3DC9}.Release|iPhone.ActiveCfg = Release|Any CPU
		{160C4846-454C-4EB9-8ACF-E9D7ED7F3DC9}.Release|iPhone.Build.0 = Release|Any CPU
		{160C4846-454C-4EB9-8ACF-E9D7ED7F3DC9}.Release|iPhoneSimulator.ActiveCfg = Release|Any CPU
		{160C4846-454C-4EB9-8ACF-E9D7ED7F3DC9}.Release|iPhoneSimulator.Build.0 = Release|Any CPU
		{160C4846-454C-4EB9-8ACF-E9D7ED7F3DC9}.Release|x64.ActiveCfg = Release|Any CPU
		{160C4846-454C-4EB9-8ACF-E9D7ED7F3DC9}.Release|x64.Build.0 = Release|Any CPU
		{160C4846-454C-4EB9-8ACF-E9D7ED7F3DC9}.Release|x86.ActiveCfg = Release|Any CPU
		{160C4846-454C-4EB9-8ACF-E9D7ED7F3DC9}.Release|x86.Build.0 = Release|Any CPU
		{4B5824BC-852D-49FD-B6BA-B3C83340DE09}.Ad-Hoc|Any CPU.ActiveCfg = Release|Any CPU
		{4B5824BC-852D-49FD-B6BA-B3C83340DE09}.Ad-Hoc|Any CPU.Build.0 = Release|Any CPU
		{4B5824BC-852D-49FD-B6BA-B3C83340DE09}.Ad-Hoc|ARM.ActiveCfg = Release|Any CPU
		{4B5824BC-852D-49FD-B6BA-B3C83340DE09}.Ad-Hoc|ARM.Build.0 = Release|Any CPU
		{4B5824BC-852D-49FD-B6BA-B3C83340DE09}.Ad-Hoc|iPhone.ActiveCfg = Release|Any CPU
		{4B5824BC-852D-49FD-B6BA-B3C83340DE09}.Ad-Hoc|iPhone.Build.0 = Release|Any CPU
		{4B5824BC-852D-49FD-B6BA-B3C83340DE09}.Ad-Hoc|iPhoneSimulator.ActiveCfg = Release|Any CPU
		{4B5824BC-852D-49FD-B6BA-B3C83340DE09}.Ad-Hoc|iPhoneSimulator.Build.0 = Release|Any CPU
		{4B5824BC-852D-49FD-B6BA-B3C83340DE09}.Ad-Hoc|x64.ActiveCfg = Release|Any CPU
		{4B5824BC-852D-49FD-B6BA-B3C83340DE09}.Ad-Hoc|x64.Build.0 = Release|Any CPU
		{4B5824BC-852D-49FD-B6BA-B3C83340DE09}.Ad-Hoc|x86.ActiveCfg = Release|Any CPU
		{4B5824BC-852D-49FD-B6BA-B3C83340DE09}.Ad-Hoc|x86.Build.0 = Release|Any CPU
		{4B5824BC-852D-49FD-B6BA-B3C83340DE09}.AppStore|Any CPU.ActiveCfg = Release|Any CPU
		{4B5824BC-852D-49FD-B6BA-B3C83340DE09}.AppStore|Any CPU.Build.0 = Release|Any CPU
		{4B5824BC-852D-49FD-B6BA-B3C83340DE09}.AppStore|ARM.ActiveCfg = Release|Any CPU
		{4B5824BC-852D-49FD-B6BA-B3C83340DE09}.AppStore|ARM.Build.0 = Release|Any CPU
		{4B5824BC-852D-49FD-B6BA-B3C83340DE09}.AppStore|iPhone.ActiveCfg = Release|Any CPU
		{4B5824BC-852D-49FD-B6BA-B3C83340DE09}.AppStore|iPhone.Build.0 = Release|Any CPU
		{4B5824BC-852D-49FD-B6BA-B3C83340DE09}.AppStore|iPhoneSimulator.ActiveCfg = Release|Any CPU
		{4B5824BC-852D-49FD-B6BA-B3C83340DE09}.AppStore|iPhoneSimulator.Build.0 = Release|Any CPU
		{4B5824BC-852D-49FD-B6BA-B3C83340DE09}.AppStore|x64.ActiveCfg = Release|Any CPU
		{4B5824BC-852D-49FD-B6BA-B3C83340DE09}.AppStore|x64.Build.0 = Release|Any CPU
		{4B5824BC-852D-49FD-B6BA-B3C83340DE09}.AppStore|x86.ActiveCfg = Release|Any CPU
		{4B5824BC-852D-49FD-B6BA-B3C83340DE09}.AppStore|x86.Build.0 = Release|Any CPU
		{4B5824BC-852D-49FD-B6BA-B3C83340DE09}.Debug|Any CPU.ActiveCfg = Debug|Any CPU
		{4B5824BC-852D-49FD-B6BA-B3C83340DE09}.Debug|Any CPU.Build.0 = Debug|Any CPU
		{4B5824BC-852D-49FD-B6BA-B3C83340DE09}.Debug|ARM.ActiveCfg = Debug|Any CPU
		{4B5824BC-852D-49FD-B6BA-B3C83340DE09}.Debug|ARM.Build.0 = Debug|Any CPU
		{4B5824BC-852D-49FD-B6BA-B3C83340DE09}.Debug|iPhone.ActiveCfg = Debug|Any CPU
		{4B5824BC-852D-49FD-B6BA-B3C83340DE09}.Debug|iPhone.Build.0 = Debug|Any CPU
		{4B5824BC-852D-49FD-B6BA-B3C83340DE09}.Debug|iPhoneSimulator.ActiveCfg = Debug|Any CPU
		{4B5824BC-852D-49FD-B6BA-B3C83340DE09}.Debug|iPhoneSimulator.Build.0 = Debug|Any CPU
		{4B5824BC-852D-49FD-B6BA-B3C83340DE09}.Debug|x64.ActiveCfg = Debug|Any CPU
		{4B5824BC-852D-49FD-B6BA-B3C83340DE09}.Debug|x64.Build.0 = Debug|Any CPU
		{4B5824BC-852D-49FD-B6BA-B3C83340DE09}.Debug|x86.ActiveCfg = Debug|Any CPU
		{4B5824BC-852D-49FD-B6BA-B3C83340DE09}.Debug|x86.Build.0 = Debug|Any CPU
		{4B5824BC-852D-49FD-B6BA-B3C83340DE09}.Release|Any CPU.ActiveCfg = Release|Any CPU
		{4B5824BC-852D-49FD-B6BA-B3C83340DE09}.Release|Any CPU.Build.0 = Release|Any CPU
		{4B5824BC-852D-49FD-B6BA-B3C83340DE09}.Release|ARM.ActiveCfg = Release|Any CPU
		{4B5824BC-852D-49FD-B6BA-B3C83340DE09}.Release|ARM.Build.0 = Release|Any CPU
		{4B5824BC-852D-49FD-B6BA-B3C83340DE09}.Release|iPhone.ActiveCfg = Release|Any CPU
		{4B5824BC-852D-49FD-B6BA-B3C83340DE09}.Release|iPhone.Build.0 = Release|Any CPU
		{4B5824BC-852D-49FD-B6BA-B3C83340DE09}.Release|iPhoneSimulator.ActiveCfg = Release|Any CPU
		{4B5824BC-852D-49FD-B6BA-B3C83340DE09}.Release|iPhoneSimulator.Build.0 = Release|Any CPU
		{4B5824BC-852D-49FD-B6BA-B3C83340DE09}.Release|x64.ActiveCfg = Release|Any CPU
		{4B5824BC-852D-49FD-B6BA-B3C83340DE09}.Release|x64.Build.0 = Release|Any CPU
		{4B5824BC-852D-49FD-B6BA-B3C83340DE09}.Release|x86.ActiveCfg = Release|Any CPU
		{4B5824BC-852D-49FD-B6BA-B3C83340DE09}.Release|x86.Build.0 = Release|Any CPU
		{3F0E566E-AB3D-443C-977F-FFD2F3DA740C}.Ad-Hoc|Any CPU.ActiveCfg = Release|Any CPU
		{3F0E566E-AB3D-443C-977F-FFD2F3DA740C}.Ad-Hoc|Any CPU.Build.0 = Release|Any CPU
		{3F0E566E-AB3D-443C-977F-FFD2F3DA740C}.Ad-Hoc|ARM.ActiveCfg = Release|Any CPU
		{3F0E566E-AB3D-443C-977F-FFD2F3DA740C}.Ad-Hoc|ARM.Build.0 = Release|Any CPU
		{3F0E566E-AB3D-443C-977F-FFD2F3DA740C}.Ad-Hoc|iPhone.ActiveCfg = Release|Any CPU
		{3F0E566E-AB3D-443C-977F-FFD2F3DA740C}.Ad-Hoc|iPhone.Build.0 = Release|Any CPU
		{3F0E566E-AB3D-443C-977F-FFD2F3DA740C}.Ad-Hoc|iPhoneSimulator.ActiveCfg = Release|Any CPU
		{3F0E566E-AB3D-443C-977F-FFD2F3DA740C}.Ad-Hoc|iPhoneSimulator.Build.0 = Release|Any CPU
		{3F0E566E-AB3D-443C-977F-FFD2F3DA740C}.Ad-Hoc|x64.ActiveCfg = Release|Any CPU
		{3F0E566E-AB3D-443C-977F-FFD2F3DA740C}.Ad-Hoc|x64.Build.0 = Release|Any CPU
		{3F0E566E-AB3D-443C-977F-FFD2F3DA740C}.Ad-Hoc|x86.ActiveCfg = Release|Any CPU
		{3F0E566E-AB3D-443C-977F-FFD2F3DA740C}.Ad-Hoc|x86.Build.0 = Release|Any CPU
		{3F0E566E-AB3D-443C-977F-FFD2F3DA740C}.AppStore|Any CPU.ActiveCfg = Release|Any CPU
		{3F0E566E-AB3D-443C-977F-FFD2F3DA740C}.AppStore|Any CPU.Build.0 = Release|Any CPU
		{3F0E566E-AB3D-443C-977F-FFD2F3DA740C}.AppStore|ARM.ActiveCfg = Release|Any CPU
		{3F0E566E-AB3D-443C-977F-FFD2F3DA740C}.AppStore|ARM.Build.0 = Release|Any CPU
		{3F0E566E-AB3D-443C-977F-FFD2F3DA740C}.AppStore|iPhone.ActiveCfg = Release|Any CPU
		{3F0E566E-AB3D-443C-977F-FFD2F3DA740C}.AppStore|iPhone.Build.0 = Release|Any CPU
		{3F0E566E-AB3D-443C-977F-FFD2F3DA740C}.AppStore|iPhoneSimulator.ActiveCfg = Release|Any CPU
		{3F0E566E-AB3D-443C-977F-FFD2F3DA740C}.AppStore|iPhoneSimulator.Build.0 = Release|Any CPU
		{3F0E566E-AB3D-443C-977F-FFD2F3DA740C}.AppStore|x64.ActiveCfg = Release|Any CPU
		{3F0E566E-AB3D-443C-977F-FFD2F3DA740C}.AppStore|x64.Build.0 = Release|Any CPU
		{3F0E566E-AB3D-443C-977F-FFD2F3DA740C}.AppStore|x86.ActiveCfg = Release|Any CPU
		{3F0E566E-AB3D-443C-977F-FFD2F3DA740C}.AppStore|x86.Build.0 = Release|Any CPU
		{3F0E566E-AB3D-443C-977F-FFD2F3DA740C}.Debug|Any CPU.ActiveCfg = Debug|Any CPU
		{3F0E566E-AB3D-443C-977F-FFD2F3DA740C}.Debug|Any CPU.Build.0 = Debug|Any CPU
		{3F0E566E-AB3D-443C-977F-FFD2F3DA740C}.Debug|ARM.ActiveCfg = Debug|Any CPU
		{3F0E566E-AB3D-443C-977F-FFD2F3DA740C}.Debug|ARM.Build.0 = Debug|Any CPU
		{3F0E566E-AB3D-443C-977F-FFD2F3DA740C}.Debug|iPhone.ActiveCfg = Debug|Any CPU
		{3F0E566E-AB3D-443C-977F-FFD2F3DA740C}.Debug|iPhone.Build.0 = Debug|Any CPU
		{3F0E566E-AB3D-443C-977F-FFD2F3DA740C}.Debug|iPhoneSimulator.ActiveCfg = Debug|Any CPU
		{3F0E566E-AB3D-443C-977F-FFD2F3DA740C}.Debug|iPhoneSimulator.Build.0 = Debug|Any CPU
		{3F0E566E-AB3D-443C-977F-FFD2F3DA740C}.Debug|x64.ActiveCfg = Debug|Any CPU
		{3F0E566E-AB3D-443C-977F-FFD2F3DA740C}.Debug|x64.Build.0 = Debug|Any CPU
		{3F0E566E-AB3D-443C-977F-FFD2F3DA740C}.Debug|x86.ActiveCfg = Debug|Any CPU
		{3F0E566E-AB3D-443C-977F-FFD2F3DA740C}.Debug|x86.Build.0 = Debug|Any CPU
		{3F0E566E-AB3D-443C-977F-FFD2F3DA740C}.Release|Any CPU.ActiveCfg = Release|Any CPU
		{3F0E566E-AB3D-443C-977F-FFD2F3DA740C}.Release|Any CPU.Build.0 = Release|Any CPU
		{3F0E566E-AB3D-443C-977F-FFD2F3DA740C}.Release|ARM.ActiveCfg = Release|Any CPU
		{3F0E566E-AB3D-443C-977F-FFD2F3DA740C}.Release|ARM.Build.0 = Release|Any CPU
		{3F0E566E-AB3D-443C-977F-FFD2F3DA740C}.Release|iPhone.ActiveCfg = Release|Any CPU
		{3F0E566E-AB3D-443C-977F-FFD2F3DA740C}.Release|iPhone.Build.0 = Release|Any CPU
		{3F0E566E-AB3D-443C-977F-FFD2F3DA740C}.Release|iPhoneSimulator.ActiveCfg = Release|Any CPU
		{3F0E566E-AB3D-443C-977F-FFD2F3DA740C}.Release|iPhoneSimulator.Build.0 = Release|Any CPU
		{3F0E566E-AB3D-443C-977F-FFD2F3DA740C}.Release|x64.ActiveCfg = Release|Any CPU
		{3F0E566E-AB3D-443C-977F-FFD2F3DA740C}.Release|x64.Build.0 = Release|Any CPU
		{3F0E566E-AB3D-443C-977F-FFD2F3DA740C}.Release|x86.ActiveCfg = Release|Any CPU
		{3F0E566E-AB3D-443C-977F-FFD2F3DA740C}.Release|x86.Build.0 = Release|Any CPU
	EndGlobalSection
	GlobalSection(SolutionProperties) = preSolution
		HideSolutionNode = FALSE
	EndGlobalSection
	GlobalSection(ExtensibilityGlobals) = postSolution
		SolutionGuid = {628EA762-15B3-404B-80A7-A30E005C23F1}
	EndGlobalSection
EndGlobal
